
Microsoft Visual Studio Solution File, Format Version 12.00
# Visual Studio Version 16
VisualStudioVersion = 25.0.1706.8
MinimumVisualStudioVersion = 10.0.40219.1
Project("{FAE04EC0-301F-11D3-BF4B-00C04F79EFBC}") = "MyMapApi", "MyMapApi\MyMapApi.csproj", "{BA49E859-A56F-43AD-A368-8E7A329D07E0}"
EndProject
Global
	GlobalSection(SolutionConfigurationPlatforms) = preSolution
		Debug|Any CPU = Debug|Any CPU
		Release|Any CPU = Release|Any CPU
	EndGlobalSection
	GlobalSection(ProjectConfigurationPlatforms) = postSolution
		{BA49E859-A56F-43AD-A368-8E7A329D07E0}.Debug|Any CPU.ActiveCfg = Debug|Any CPU
		{BA49E859-A56F-43AD-A368-8E7A329D07E0}.Debug|Any CPU.Build.0 = Debug|Any CPU
		{BA49E859-A56F-43AD-A368-8E7A329D07E0}.Release|Any CPU.ActiveCfg = Release|Any CPU
		{BA49E859-A56F-43AD-A368-8E7A329D07E0}.Release|Any CPU.Build.0 = Release|Any CPU
	EndGlobalSection
	GlobalSection(SolutionProperties) = preSolution
		HideSolutionNode = FALSE
	EndGlobalSection
	GlobalSection(ExtensibilityGlobals) = postSolution
		SolutionGuid = {85F44131-8671-49FC-BD51-49F1214C8569}
	EndGlobalSection
EndGlobal
